
Microsoft Visual Studio Solution File, Format Version 12.00
# Visual Studio Version 17
VisualStudioVersion = 17.10.34916.146
MinimumVisualStudioVersion = 10.0.40219.1
Project("{FAE04EC0-301F-11D3-BF4B-00C04F79EFBC}") = "Inheritance", "Inheritance.csproj", "{FB172C41-08B5-4042-87E3-27C27082DDD7}"
EndProject
Global
	GlobalSection(SolutionConfigurationPlatforms) = preSolution
		Debug|Any CPU = Debug|Any CPU
		Release|Any CPU = Release|Any CPU
	EndGlobalSection
	GlobalSection(ProjectConfigurationPlatforms) = postSolution
		{FB172C41-08B5-4042-87E3-27C27082DDD7}.Debug|Any CPU.ActiveCfg = Debug|Any CPU
		{FB172C41-08B5-4042-87E3-27C27082DDD7}.Debug|Any CPU.Build.0 = Debug|Any CPU
		{FB172C41-08B5-4042-87E3-27C27082DDD7}.Release|Any CPU.ActiveCfg = Release|Any CPU
		{FB172C41-08B5-4042-87E3-27C27082DDD7}.Release|Any CPU.Build.0 = Release|Any CPU
	EndGlobalSection
	GlobalSection(SolutionProperties) = preSolution
		HideSolutionNode = FALSE
	EndGlobalSection
	GlobalSection(ExtensibilityGlobals) = postSolution
		SolutionGuid = {CDADDEE3-5C0D-4215-B97F-D68B5A216569}
	EndGlobalSection
EndGlobal
